{
  "name": "e-commerce",
  "version": "1.0.0",
  "lockfileVersion": 3,
  "requires": true,
  "packages": {
    "": {
      "name": "e-commerce",
      "version": "1.0.0",
      "license": "ISC",
      "dependencies": {
        "iut2-server": "file:../iut2-server"
      },
      "devDependencies": {}
    },
    "../iut2-server": {
      "version": "1.0.0",
      "license": "ISC"
    },
    "node_modules/iut2-server": {
      "resolved": "../iut2-server",
      "link": true
    }
  }
}
